
Microsoft Visual Studio Solution File, Format Version 12.00
# Visual Studio Version 16
VisualStudioVersion = 16.0.30104.148
MinimumVisualStudioVersion = 10.0.40219.1
Project("{9A19103F-16F7-4668-BE54-9A1E7A4F7556}") = "AnimalSpawn.Domain", "AnimalSpawn.Domain\AnimalSpawn.Domain.csproj", "{703E7EC5-C4F9-4555-9AF9-D50D927E97B7}"
EndProject
Project("{9A19103F-16F7-4668-BE54-9A1E7A4F7556}") = "AnimalSpwan.Infraestructure", "AnimalSpwan.Infrastucture\AnimalSpwan.Infraestructure.csproj", "{173DA352-AF89-488E-9B97-758366869CB1}"
EndProject
Project("{9A19103F-16F7-4668-BE54-9A1E7A4F7556}") = "AnimalSpawn.Api", "AnimalSpawn.Api\AnimalSpawn.Api.csproj", "{1CAF96D0-863D-4B13-9E39-1F1198E6A260}"
EndProject
Project("{9A19103F-16F7-4668-BE54-9A1E7A4F7556}") = "AnimalSpwam.Application", "AnimalSpwam.Aplication\AnimalSpwam.Application.csproj", "{A8B16B08-A74A-472D-9F35-42E5546C3DE3}"
EndProject
Global
	GlobalSection(SolutionConfigurationPlatforms) = preSolution
		Debug|Any CPU = Debug|Any CPU
		Release|Any CPU = Release|Any CPU
	EndGlobalSection
	GlobalSection(ProjectConfigurationPlatforms) = postSolution
		{703E7EC5-C4F9-4555-9AF9-D50D927E97B7}.Debug|Any CPU.ActiveCfg = Debug|Any CPU
		{703E7EC5-C4F9-4555-9AF9-D50D927E97B7}.Debug|Any CPU.Build.0 = Debug|Any CPU
		{703E7EC5-C4F9-4555-9AF9-D50D927E97B7}.Release|Any CPU.ActiveCfg = Release|Any CPU
		{703E7EC5-C4F9-4555-9AF9-D50D927E97B7}.Release|Any CPU.Build.0 = Release|Any CPU
		{173DA352-AF89-488E-9B97-758366869CB1}.Debug|Any CPU.ActiveCfg = Debug|Any CPU
		{173DA352-AF89-488E-9B97-758366869CB1}.Debug|Any CPU.Build.0 = Debug|Any CPU
		{173DA352-AF89-488E-9B97-758366869CB1}.Release|Any CPU.ActiveCfg = Release|Any CPU
		{173DA352-AF89-488E-9B97-758366869CB1}.Release|Any CPU.Build.0 = Release|Any CPU
		{1CAF96D0-863D-4B13-9E39-1F1198E6A260}.Debug|Any CPU.ActiveCfg = Debug|Any CPU
		{1CAF96D0-863D-4B13-9E39-1F1198E6A260}.Debug|Any CPU.Build.0 = Debug|Any CPU
		{1CAF96D0-863D-4B13-9E39-1F1198E6A260}.Release|Any CPU.ActiveCfg = Release|Any CPU
		{1CAF96D0-863D-4B13-9E39-1F1198E6A260}.Release|Any CPU.Build.0 = Release|Any CPU
		{A8B16B08-A74A-472D-9F35-42E5546C3DE3}.Debug|Any CPU.ActiveCfg = Debug|Any CPU
		{A8B16B08-A74A-472D-9F35-42E5546C3DE3}.Debug|Any CPU.Build.0 = Debug|Any CPU
		{A8B16B08-A74A-472D-9F35-42E5546C3DE3}.Release|Any CPU.ActiveCfg = Release|Any CPU
		{A8B16B08-A74A-472D-9F35-42E5546C3DE3}.Release|Any CPU.Build.0 = Release|Any CPU
	EndGlobalSection
	GlobalSection(SolutionProperties) = preSolution
		HideSolutionNode = FALSE
	EndGlobalSection
	GlobalSection(ExtensibilityGlobals) = postSolution
		SolutionGuid = {7DA4C3CA-A50F-4DDF-A0FF-DB6F99C5D3A3}
	EndGlobalSection
EndGlobal
